<?xml version="1.0" encoding="utf-8"?>
<Project ToolsVersion="4.0" xmlns="http://schemas.microsoft.com/developer/msbuild/2003">
  <ItemGroup>
    <Filter Include="Source Files">
      <UniqueIdentifier>{4FC737F1-C7A5-4376-A066-2A32D752A2FF}</UniqueIdentifier>
      <Extensions>cpp;c;cc;cxx;c++;cppm;ixx;def;odl;idl;hpj;bat;asm;asmx</Extensions>
    </Filter>
    <Filter Include="Header Files">
      <UniqueIdentifier>{93995380-89BD-4b04-88EB-625FBE52EBFB}</UniqueIdentifier>
      <Extensions>h;hh;hpp;hxx;h++;hm;inl;inc;ipp;xsd</Extensions>
    </Filter>
    <Filter Include="Resource Files">
      <UniqueIdentifier>{67DA6AB6-F800-4c08-8B7A-83BB121AAD01}</UniqueIdentifier>
      <Extensions>rc;ico;cur;bmp;dlg;rc2;rct;bin;rgs;gif;jpg;jpeg;jpe;resx;tiff;tif;png;wav;mfcribbon-ms</Extensions>
    </Filter>
    <Filter Include="SQL">
      <UniqueIdentifier>{de4f5d85-ea51-45e2-9e44-75289767c6d1}</UniqueIdentifier>
    </Filter>
    <Filter Include="Source Files\Editors">
      <UniqueIdentifier>{eb963e68-f102-4829-9394-459443b64a3f}</UniqueIdentifier>
    </Filter>
    <Filter Include="Header Files\Editors">
      <UniqueIdentifier>{5fc5b81c-65d3-44dd-b241-dee92d8f9ce2}</UniqueIdentifier>
    </Filter>
  </ItemGroup>
  <ItemGroup>
    <ClCompile Include="main.cpp">
      <Filter>Source Files</Filter>
    </ClCompile>
    <ClCompile Include="MainWindow.cpp">
      <Filter>Source Files</Filter>
    </ClCompile>
    <ClCompile Include="SQL_Table.cpp">
      <Filter>Source Files</Filter>
    </ClCompile>
    <ClCompile Include="pch.cpp">
      <Filter>Source Files</Filter>
    </ClCompile>
    <ClCompile Include="SQL_Editor.cpp">
      <Filter>Source Files</Filter>
    </ClCompile>
    <ClCompile Include="Editors\Editor_Collected_Eggs.cpp">
      <Filter>Source Files\Editors</Filter>
    </ClCompile>
    <ClCompile Include="Editors\Editor_Sold_Eggs.cpp">
      <Filter>Source Files\Editors</Filter>
    </ClCompile>
    <ClCompile Include="Editors\Editor_Bought_Resources.cpp">
      <Filter>Source Files\Editors</Filter>
    </ClCompile>
    <ClCompile Include="Editors\Editor_Buyers.cpp">
      <Filter>Source Files\Editors</Filter>
    </ClCompile>
  </ItemGroup>
  <ItemGroup>
    <ClInclude Include="MainWindow.h">
      <Filter>Header Files</Filter>
    </ClInclude>
    <ClInclude Include="SQL_Table.h">
      <Filter>Header Files</Filter>
    </ClInclude>
    <ClInclude Include="pch.h">
      <Filter>Header Files</Filter>
    </ClInclude>
    <ClInclude Include="SQL_Editor.h">
      <Filter>Header Files</Filter>
    </ClInclude>
    <ClInclude Include="Editors\Editor_Collected_Eggs.h">
      <Filter>Header Files\Editors</Filter>
    </ClInclude>
    <ClInclude Include="Editors\Editor_Sold_Eggs.h">
      <Filter>Header Files\Editors</Filter>
    </ClInclude>
    <ClInclude Include="Editors\Editor_Buyers.h">
      <Filter>Header Files\Editors</Filter>
    </ClInclude>
    <ClInclude Include="Editors\Editor_Bought_Resources.h">
      <Filter>Header Files\Editors</Filter>
    </ClInclude>
  </ItemGroup>
  <ItemGroup>
    <Text Include="Create_Tables.sql">
      <Filter>SQL</Filter>
    </Text>
  </ItemGroup>
</Project>